
Microsoft Visual Studio Solution File, Format Version 12.00
# Visual Studio Version 16
VisualStudioVersion = 16.0.29613.14
MinimumVisualStudioVersion = 10.0.40219.1
Project("{9A19103F-16F7-4668-BE54-9A1E7A4F7556}") = "AppQuiz.Api", "AppQuiz.Api\AppQuiz.Api.csproj", "{792F0885-B3EF-4745-9D67-F9A71E59A13B}"
EndProject
Project("{9A19103F-16F7-4668-BE54-9A1E7A4F7556}") = "AppQuiz.Application", "AppQuiz.Application\AppQuiz.Application.csproj", "{6DD71ACF-6D92-42E0-B7AD-6CAD11E56BED}"
EndProject
Project("{9A19103F-16F7-4668-BE54-9A1E7A4F7556}") = "AppQuiz.Domain", "AppQuiz.Domain\AppQuiz.Domain.csproj", "{BF93E8F4-4F36-4D8E-B4DB-617FDE92619A}"
EndProject
Project("{9A19103F-16F7-4668-BE54-9A1E7A4F7556}") = "AppQuiz.Persistence", "AppQuiz.Persistence\AppQuiz.Persistence.csproj", "{43FDD263-F45F-414A-8A87-D9095E5DACB3}"
EndProject
Project("{9A19103F-16F7-4668-BE54-9A1E7A4F7556}") = "AppQuiz.UnitTests", "AppQuiz.UnitTests\AppQuiz.UnitTests.csproj", "{8497826D-761C-416A-B9E9-17973D017A2D}"
EndProject
Project("{2150E333-8FDC-42A3-9474-1A3956D46DE8}") = "Shared", "Shared", "{980E1D5C-BF7C-42CE-A623-69C49BBB5B7E}"
EndProject
Project("{9A19103F-16F7-4668-BE54-9A1E7A4F7556}") = "Shared.Persistence.MongoDb", "..\Shared\Shared.Persistence.MongoDb\Shared.Persistence.MongoDb.csproj", "{70311455-8D60-4EDA-803E-C86FCC28CC32}"
EndProject
Global
	GlobalSection(SolutionConfigurationPlatforms) = preSolution
		Debug|Any CPU = Debug|Any CPU
		Release|Any CPU = Release|Any CPU
	EndGlobalSection
	GlobalSection(ProjectConfigurationPlatforms) = postSolution
		{792F0885-B3EF-4745-9D67-F9A71E59A13B}.Debug|Any CPU.ActiveCfg = Debug|Any CPU
		{792F0885-B3EF-4745-9D67-F9A71E59A13B}.Debug|Any CPU.Build.0 = Debug|Any CPU
		{792F0885-B3EF-4745-9D67-F9A71E59A13B}.Release|Any CPU.ActiveCfg = Release|Any CPU
		{792F0885-B3EF-4745-9D67-F9A71E59A13B}.Release|Any CPU.Build.0 = Release|Any CPU
		{6DD71ACF-6D92-42E0-B7AD-6CAD11E56BED}.Debug|Any CPU.ActiveCfg = Debug|Any CPU
		{6DD71ACF-6D92-42E0-B7AD-6CAD11E56BED}.Debug|Any CPU.Build.0 = Debug|Any CPU
		{6DD71ACF-6D92-42E0-B7AD-6CAD11E56BED}.Release|Any CPU.ActiveCfg = Release|Any CPU
		{6DD71ACF-6D92-42E0-B7AD-6CAD11E56BED}.Release|Any CPU.Build.0 = Release|Any CPU
		{BF93E8F4-4F36-4D8E-B4DB-617FDE92619A}.Debug|Any CPU.ActiveCfg = Debug|Any CPU
		{BF93E8F4-4F36-4D8E-B4DB-617FDE92619A}.Debug|Any CPU.Build.0 = Debug|Any CPU
		{BF93E8F4-4F36-4D8E-B4DB-617FDE92619A}.Release|Any CPU.ActiveCfg = Release|Any CPU
		{BF93E8F4-4F36-4D8E-B4DB-617FDE92619A}.Release|Any CPU.Build.0 = Release|Any CPU
		{43FDD263-F45F-414A-8A87-D9095E5DACB3}.Debug|Any CPU.ActiveCfg = Debug|Any CPU
		{43FDD263-F45F-414A-8A87-D9095E5DACB3}.Debug|Any CPU.Build.0 = Debug|Any CPU
		{43FDD263-F45F-414A-8A87-D9095E5DACB3}.Release|Any CPU.ActiveCfg = Release|Any CPU
		{43FDD263-F45F-414A-8A87-D9095E5DACB3}.Release|Any CPU.Build.0 = Release|Any CPU
		{8497826D-761C-416A-B9E9-17973D017A2D}.Debug|Any CPU.ActiveCfg = Debug|Any CPU
		{8497826D-761C-416A-B9E9-17973D017A2D}.Debug|Any CPU.Build.0 = Debug|Any CPU
		{8497826D-761C-416A-B9E9-17973D017A2D}.Release|Any CPU.ActiveCfg = Release|Any CPU
		{8497826D-761C-416A-B9E9-17973D017A2D}.Release|Any CPU.Build.0 = Release|Any CPU
		{70311455-8D60-4EDA-803E-C86FCC28CC32}.Debug|Any CPU.ActiveCfg = Debug|Any CPU
		{70311455-8D60-4EDA-803E-C86FCC28CC32}.Debug|Any CPU.Build.0 = Debug|Any CPU
		{70311455-8D60-4EDA-803E-C86FCC28CC32}.Release|Any CPU.ActiveCfg = Release|Any CPU
		{70311455-8D60-4EDA-803E-C86FCC28CC32}.Release|Any CPU.Build.0 = Release|Any CPU
	EndGlobalSection
	GlobalSection(SolutionProperties) = preSolution
		HideSolutionNode = FALSE
	EndGlobalSection
	GlobalSection(NestedProjects) = preSolution
		{70311455-8D60-4EDA-803E-C86FCC28CC32} = {980E1D5C-BF7C-42CE-A623-69C49BBB5B7E}
	EndGlobalSection
	GlobalSection(ExtensibilityGlobals) = postSolution
		SolutionGuid = {16827E6A-20BF-49E9-90D4-23BC55643A0D}
	EndGlobalSection
EndGlobal
